
Microsoft Visual Studio Solution File, Format Version 12.00
# Visual Studio Version 17
VisualStudioVersion = 17.3.32929.385
MinimumVisualStudioVersion = 10.0.40219.1
Project("{FAE04EC0-301F-11D3-BF4B-00C04F79EFBC}") = "Pop_Georgiana_Lab1", "Pop_Georgiana_Lab1.csproj", "{DDE9948F-0ADA-4996-B5D8-1AF7A336E331}"
EndProject
Global
	GlobalSection(SolutionConfigurationPlatforms) = preSolution
		Debug|Any CPU = Debug|Any CPU
		Release|Any CPU = Release|Any CPU
	EndGlobalSection
	GlobalSection(ProjectConfigurationPlatforms) = postSolution
		{DDE9948F-0ADA-4996-B5D8-1AF7A336E331}.Debug|Any CPU.ActiveCfg = Debug|Any CPU
		{DDE9948F-0ADA-4996-B5D8-1AF7A336E331}.Debug|Any CPU.Build.0 = Debug|Any CPU
		{DDE9948F-0ADA-4996-B5D8-1AF7A336E331}.Release|Any CPU.ActiveCfg = Release|Any CPU
		{DDE9948F-0ADA-4996-B5D8-1AF7A336E331}.Release|Any CPU.Build.0 = Release|Any CPU
	EndGlobalSection
	GlobalSection(SolutionProperties) = preSolution
		HideSolutionNode = FALSE
	EndGlobalSection
	GlobalSection(ExtensibilityGlobals) = postSolution
		SolutionGuid = {5F964545-7911-4B77-8D28-AE4E151B3540}
	EndGlobalSection
EndGlobal
